
Microsoft Visual Studio Solution File, Format Version 12.00
# Visual Studio 14
VisualStudioVersion = 14.0.25420.1
MinimumVisualStudioVersion = 10.0.40219.1
Project("{FAE04EC0-301F-11D3-BF4B-00C04F79EFBC}") = "DAL.Interface", "DAL.Interface\DAL.Interface.csproj", "{22782234-2B54-4E16-864E-1077511D185C}"
EndProject
Project("{FAE04EC0-301F-11D3-BF4B-00C04F79EFBC}") = "DAL", "DAL\DAL.csproj", "{28777FF6-346A-4A37-AA81-A254D1396F69}"
EndProject
Project("{FAE04EC0-301F-11D3-BF4B-00C04F79EFBC}") = "BLL.Interface", "BLL.Interface\BLL.Interface.csproj", "{7BB8BC84-3DDB-40A6-B5AF-D16408DEE47A}"
EndProject
Project("{FAE04EC0-301F-11D3-BF4B-00C04F79EFBC}") = "BLL", "BLL\BLL.csproj", "{A7E8C135-AA02-4472-A211-A2E77B6F4B98}"
EndProject
Project("{FAE04EC0-301F-11D3-BF4B-00C04F79EFBC}") = "DependencyResolver", "DependencyResolver\DependencyResolver.csproj", "{DF1547ED-9813-44CE-A5D2-1D7C40667CDD}"
EndProject
Project("{FAE04EC0-301F-11D3-BF4B-00C04F79EFBC}") = "MVC.PL", "MVC.PL\MVC.PL.csproj", "{F0A6CC2D-35D8-4CA2-AD66-265BE37D37D4}"
EndProject
Project("{FAE04EC0-301F-11D3-BF4B-00C04F79EFBC}") = "ORM", "ORM\ORM.csproj", "{0A58B11C-752C-4CFD-8739-7523ABBF1A08}"
EndProject
Global
	GlobalSection(SolutionConfigurationPlatforms) = preSolution
		Debug|Any CPU = Debug|Any CPU
		Release|Any CPU = Release|Any CPU
	EndGlobalSection
	GlobalSection(ProjectConfigurationPlatforms) = postSolution
		{22782234-2B54-4E16-864E-1077511D185C}.Debug|Any CPU.ActiveCfg = Debug|Any CPU
		{22782234-2B54-4E16-864E-1077511D185C}.Debug|Any CPU.Build.0 = Debug|Any CPU
		{22782234-2B54-4E16-864E-1077511D185C}.Release|Any CPU.ActiveCfg = Release|Any CPU
		{22782234-2B54-4E16-864E-1077511D185C}.Release|Any CPU.Build.0 = Release|Any CPU
		{28777FF6-346A-4A37-AA81-A254D1396F69}.Debug|Any CPU.ActiveCfg = Debug|Any CPU
		{28777FF6-346A-4A37-AA81-A254D1396F69}.Debug|Any CPU.Build.0 = Debug|Any CPU
		{28777FF6-346A-4A37-AA81-A254D1396F69}.Release|Any CPU.ActiveCfg = Release|Any CPU
		{28777FF6-346A-4A37-AA81-A254D1396F69}.Release|Any CPU.Build.0 = Release|Any CPU
		{7BB8BC84-3DDB-40A6-B5AF-D16408DEE47A}.Debug|Any CPU.ActiveCfg = Debug|Any CPU
		{7BB8BC84-3DDB-40A6-B5AF-D16408DEE47A}.Debug|Any CPU.Build.0 = Debug|Any CPU
		{7BB8BC84-3DDB-40A6-B5AF-D16408DEE47A}.Release|Any CPU.ActiveCfg = Release|Any CPU
		{7BB8BC84-3DDB-40A6-B5AF-D16408DEE47A}.Release|Any CPU.Build.0 = Release|Any CPU
		{A7E8C135-AA02-4472-A211-A2E77B6F4B98}.Debug|Any CPU.ActiveCfg = Debug|Any CPU
		{A7E8C135-AA02-4472-A211-A2E77B6F4B98}.Debug|Any CPU.Build.0 = Debug|Any CPU
		{A7E8C135-AA02-4472-A211-A2E77B6F4B98}.Release|Any CPU.ActiveCfg = Release|Any CPU
		{A7E8C135-AA02-4472-A211-A2E77B6F4B98}.Release|Any CPU.Build.0 = Release|Any CPU
		{DF1547ED-9813-44CE-A5D2-1D7C40667CDD}.Debug|Any CPU.ActiveCfg = Debug|Any CPU
		{DF1547ED-9813-44CE-A5D2-1D7C40667CDD}.Debug|Any CPU.Build.0 = Debug|Any CPU
		{DF1547ED-9813-44CE-A5D2-1D7C40667CDD}.Release|Any CPU.ActiveCfg = Release|Any CPU
		{DF1547ED-9813-44CE-A5D2-1D7C40667CDD}.Release|Any CPU.Build.0 = Release|Any CPU
		{F0A6CC2D-35D8-4CA2-AD66-265BE37D37D4}.Debug|Any CPU.ActiveCfg = Debug|Any CPU
		{F0A6CC2D-35D8-4CA2-AD66-265BE37D37D4}.Debug|Any CPU.Build.0 = Debug|Any CPU
		{F0A6CC2D-35D8-4CA2-AD66-265BE37D37D4}.Release|Any CPU.ActiveCfg = Release|Any CPU
		{F0A6CC2D-35D8-4CA2-AD66-265BE37D37D4}.Release|Any CPU.Build.0 = Release|Any CPU
		{0A58B11C-752C-4CFD-8739-7523ABBF1A08}.Debug|Any CPU.ActiveCfg = Debug|Any CPU
		{0A58B11C-752C-4CFD-8739-7523ABBF1A08}.Debug|Any CPU.Build.0 = Debug|Any CPU
		{0A58B11C-752C-4CFD-8739-7523ABBF1A08}.Release|Any CPU.ActiveCfg = Release|Any CPU
		{0A58B11C-752C-4CFD-8739-7523ABBF1A08}.Release|Any CPU.Build.0 = Release|Any CPU
	EndGlobalSection
	GlobalSection(SolutionProperties) = preSolution
		HideSolutionNode = FALSE
	EndGlobalSection
EndGlobal
